
Microsoft Visual Studio Solution File, Format Version 12.00
# Visual Studio Version 16
VisualStudioVersion = 16.0.30413.136
MinimumVisualStudioVersion = 10.0.40219.1
Project("{FAE04EC0-301F-11D3-BF4B-00C04F79EFBC}") = "ConsoleApp1", "ConsoleApp1.csproj", "{C26EAEA9-E051-44F7-952F-5B40F71CEF0C}"
EndProject
Project("{FAE04EC0-301F-11D3-BF4B-00C04F79EFBC}") = "iText7PDFMaker", "..\iText7PDFMaker\iText7PDFMaker.csproj", "{B39A59F5-9A1B-48CE-A454-5B0131C5349D}"
EndProject
Global
	GlobalSection(SolutionConfigurationPlatforms) = preSolution
		Debug|Any CPU = Debug|Any CPU
		Release|Any CPU = Release|Any CPU
	EndGlobalSection
	GlobalSection(ProjectConfigurationPlatforms) = postSolution
		{C26EAEA9-E051-44F7-952F-5B40F71CEF0C}.Debug|Any CPU.ActiveCfg = Debug|Any CPU
		{C26EAEA9-E051-44F7-952F-5B40F71CEF0C}.Debug|Any CPU.Build.0 = Debug|Any CPU
		{C26EAEA9-E051-44F7-952F-5B40F71CEF0C}.Release|Any CPU.ActiveCfg = Release|Any CPU
		{C26EAEA9-E051-44F7-952F-5B40F71CEF0C}.Release|Any CPU.Build.0 = Release|Any CPU
		{B39A59F5-9A1B-48CE-A454-5B0131C5349D}.Debug|Any CPU.ActiveCfg = Debug|Any CPU
		{B39A59F5-9A1B-48CE-A454-5B0131C5349D}.Debug|Any CPU.Build.0 = Debug|Any CPU
		{B39A59F5-9A1B-48CE-A454-5B0131C5349D}.Release|Any CPU.ActiveCfg = Release|Any CPU
		{B39A59F5-9A1B-48CE-A454-5B0131C5349D}.Release|Any CPU.Build.0 = Release|Any CPU
	EndGlobalSection
	GlobalSection(SolutionProperties) = preSolution
		HideSolutionNode = FALSE
	EndGlobalSection
	GlobalSection(ExtensibilityGlobals) = postSolution
		SolutionGuid = {01742A56-3204-4C14-B21C-5C61D2C79505}
	EndGlobalSection
EndGlobal
